
Microsoft Visual Studio Solution File, Format Version 12.00
# Visual Studio 15
VisualStudioVersion = 15.0.27130.2027
MinimumVisualStudioVersion = 10.0.40219.1
Project("{FAE04EC0-301F-11D3-BF4B-00C04F79EFBC}") = "TransporteMonitoring", "TransporteMonitoring\TransporteMonitoring.csproj", "{A9C7FD97-2872-4575-B47C-5799949C4BEA}"
EndProject
Global
	GlobalSection(SolutionConfigurationPlatforms) = preSolution
		Debug|Any CPU = Debug|Any CPU
		Release|Any CPU = Release|Any CPU
	EndGlobalSection
	GlobalSection(ProjectConfigurationPlatforms) = postSolution
		{A9C7FD97-2872-4575-B47C-5799949C4BEA}.Debug|Any CPU.ActiveCfg = Debug|Any CPU
		{A9C7FD97-2872-4575-B47C-5799949C4BEA}.Debug|Any CPU.Build.0 = Debug|Any CPU
		{A9C7FD97-2872-4575-B47C-5799949C4BEA}.Release|Any CPU.ActiveCfg = Release|Any CPU
		{A9C7FD97-2872-4575-B47C-5799949C4BEA}.Release|Any CPU.Build.0 = Release|Any CPU
	EndGlobalSection
	GlobalSection(SolutionProperties) = preSolution
		HideSolutionNode = FALSE
	EndGlobalSection
	GlobalSection(ExtensibilityGlobals) = postSolution
		SolutionGuid = {7CDE1F29-536B-4E40-A1E3-692438F14761}
	EndGlobalSection
EndGlobal
